// !$*UTF8*$!
{
	archiveVersion = 1;
	classes = {
	};
	objectVersion = 46;
	objects = {

/* Begin PBXBuildFile section */
		F15B751A1CBF2EE000657437 /* main.m in Sources */ = {isa = PBXBuildFile; fileRef = F15B75191CBF2EE000657437 /* main.m */; };
		F15B751D1CBF2EE000657437 /* AppDelegate.m in Sources */ = {isa = PBXBuildFile; fileRef = F15B751C1CBF2EE000657437 /* AppDelegate.m */; };
		F15B75201CBF2EE000657437 /* ViewController.m in Sources */ = {isa = PBXBuildFile; fileRef = F15B751F1CBF2EE000657437 /* ViewController.m */; };
		F15B75231CBF2EE000657437 /* Main.storyboard in Resources */ = {isa = PBXBuildFile; fileRef = F15B75211CBF2EE000657437 /* Main.storyboard */; };
		F15B75261CBF2EE000657437 /* CodeTemplate.xcdatamodeld in Sources */ = {isa = PBXBuildFile; fileRef = F15B75241CBF2EE000657437 /* CodeTemplate.xcdatamodeld */; };
		F15B75281CBF2EE000657437 /* Assets.xcassets in Resources */ = {isa = PBXBuildFile; fileRef = F15B75271CBF2EE000657437 /* Assets.xcassets */; };
		F15B752B1CBF2EE000657437 /* LaunchScreen.storyboard in Resources */ = {isa = PBXBuildFile; fileRef = F15B75291CBF2EE000657437 /* LaunchScreen.storyboard */; };
		F15B75361CBF2EE000657437 /* CodeTemplateTests.m in Sources */ = {isa = PBXBuildFile; fileRef = F15B75351CBF2EE000657437 /* CodeTemplateTests.m */; };
		F15B75411CBF2EE000657437 /* CodeTemplateUITests.m in Sources */ = {isa = PBXBuildFile; fileRef = F15B75401CBF2EE000657437 /* CodeTemplateUITests.m */; };
		F15B75571CBF345200657437 /* MainRouteViewController.m in Sources */ = {isa = PBXBuildFile; fileRef = F15B75551CBF345200657437 /* MainRouteViewController.m */; };
		F15B75581CBF345200657437 /* MainRouteViewController.xib in Resources */ = {isa = PBXBuildFile; fileRef = F15B75561CBF345200657437 /* MainRouteViewController.xib */; };
		F15B755E1CBF3DEC00657437 /* TemplateUtility.m in Sources */ = {isa = PBXBuildFile; fileRef = F15B755D1CBF3DEC00657437 /* TemplateUtility.m */; };
		F15B75651CBF487100657437 /* ActivityTemplateController.m in Sources */ = {isa = PBXBuildFile; fileRef = F15B75631CBF487100657437 /* ActivityTemplateController.m */; };
		F15B75661CBF487100657437 /* ActivityTemplateController.xib in Resources */ = {isa = PBXBuildFile; fileRef = F15B75641CBF487100657437 /* ActivityTemplateController.xib */; };
		F15B756A1CBF494300657437 /* ActivityItem.m in Sources */ = {isa = PBXBuildFile; fileRef = F15B75691CBF494300657437 /* ActivityItem.m */; };
		F1606E761CEAB80100D80AC8 /* ShareViewController.m in Sources */ = {isa = PBXBuildFile; fileRef = F1606E751CEAB80100D80AC8 /* ShareViewController.m */; };
		F1606E791CEAB80100D80AC8 /* MainInterface.storyboard in Resources */ = {isa = PBXBuildFile; fileRef = F1606E771CEAB80100D80AC8 /* MainInterface.storyboard */; };
		F1606E7D1CEAB80100D80AC8 /* CodeTemplateShare.appex in Embed App Extensions */ = {isa = PBXBuildFile; fileRef = F1606E721CEAB80000D80AC8 /* CodeTemplateShare.appex */; settings = {ATTRIBUTES = (RemoveHeadersOnCopy, ); }; };
		F1606E8B1CEAC05C00D80AC8 /* CTShareMainViewController.m in Sources */ = {isa = PBXBuildFile; fileRef = F1606E891CEAC05C00D80AC8 /* CTShareMainViewController.m */; };
		F1606E8C1CEAC05C00D80AC8 /* CTShareMainViewController.xib in Resources */ = {isa = PBXBuildFile; fileRef = F1606E8A1CEAC05C00D80AC8 /* CTShareMainViewController.xib */; };
		F19ACE171CCD2EA500108321 /* KeyboardInputViewController.m in Sources */ = {isa = PBXBuildFile; fileRef = F19ACE151CCD2EA500108321 /* KeyboardInputViewController.m */; };
		F19ACE181CCD2EA500108321 /* KeyboardInputViewController.xib in Resources */ = {isa = PBXBuildFile; fileRef = F19ACE161CCD2EA500108321 /* KeyboardInputViewController.xib */; };
		F19ACE1D1CCD2EDE00108321 /* HInputViewController.m in Sources */ = {isa = PBXBuildFile; fileRef = F19ACE1B1CCD2EDE00108321 /* HInputViewController.m */; };
		F19ACE1E1CCD2EDE00108321 /* HInputViewController.xib in Resources */ = {isa = PBXBuildFile; fileRef = F19ACE1C1CCD2EDE00108321 /* HInputViewController.xib */; };
		F1C7E4331CC2BF66008F3340 /* ComponentsTemplateController.m in Sources */ = {isa = PBXBuildFile; fileRef = F1C7E4311CC2BF66008F3340 /* ComponentsTemplateController.m */; };
		F1C7E4341CC2BF66008F3340 /* ComponentsTemplateController.xib in Resources */ = {isa = PBXBuildFile; fileRef = F1C7E4321CC2BF66008F3340 /* ComponentsTemplateController.xib */; };
		F1C7E4381CC2C139008F3340 /* CustomizedLayoutCollectionViewController.m in Sources */ = {isa = PBXBuildFile; fileRef = F1C7E4361CC2C139008F3340 /* CustomizedLayoutCollectionViewController.m */; };
		F1C7E4391CC2C139008F3340 /* CustomizedLayoutCollectionViewController.xib in Resources */ = {isa = PBXBuildFile; fileRef = F1C7E4371CC2C139008F3340 /* CustomizedLayoutCollectionViewController.xib */; };
		F1CD2D191CF108AE0081DB67 /* MobileCoreServices.framework in Frameworks */ = {isa = PBXBuildFile; fileRef = F1CD2D181CF108AE0081DB67 /* MobileCoreServices.framework */; };
		F1EFFE991CF13A7200D87B53 /* ShareExtensionTableViewController.m in Sources */ = {isa = PBXBuildFile; fileRef = F1EFFE971CF13A7200D87B53 /* ShareExtensionTableViewController.m */; };
		F1EFFE9A1CF13A7200D87B53 /* ShareExtensionTableViewController.xib in Resources */ = {isa = PBXBuildFile; fileRef = F1EFFE981CF13A7200D87B53 /* ShareExtensionTableViewController.xib */; };
		F1EFFE9E1CF13B1200D87B53 /* ShareExtensionItemTableViewCell.m in Sources */ = {isa = PBXBuildFile; fileRef = F1EFFE9C1CF13B1200D87B53 /* ShareExtensionItemTableViewCell.m */; };
		F1EFFE9F1CF13B1200D87B53 /* ShareExtensionItemTableViewCell.xib in Resources */ = {isa = PBXBuildFile; fileRef = F1EFFE9D1CF13B1200D87B53 /* ShareExtensionItemTableViewCell.xib */; };
/* End PBXBuildFile section */

/* Begin PBXContainerItemProxy section */
		F15B75321CBF2EE000657437 /* PBXContainerItemProxy */ = {
			isa = PBXContainerItemProxy;
			containerPortal = F15B750D1CBF2EE000657437 /* Project object */;
			proxyType = 1;
			remoteGlobalIDString = F15B75141CBF2EE000657437;
			remoteInfo = CodeTemplate;
		};
		F15B753D1CBF2EE000657437 /* PBXContainerItemProxy */ = {
			isa = PBXContainerItemProxy;
			containerPortal = F15B750D1CBF2EE000657437 /* Project object */;
			proxyType = 1;
			remoteGlobalIDString = F15B75141CBF2EE000657437;
			remoteInfo = CodeTemplate;
		};
		F1606E7B1CEAB80100D80AC8 /* PBXContainerItemProxy */ = {
			isa = PBXContainerItemProxy;
			containerPortal = F15B750D1CBF2EE000657437 /* Project object */;
			proxyType = 1;
			remoteGlobalIDString = F1606E711CEAB80000D80AC8;
			remoteInfo = CodeTemplateShare;
		};
/* End PBXContainerItemProxy section */

/* Begin PBXCopyFilesBuildPhase section */
		F1606E811CEAB80100D80AC8 /* Embed App Extensions */ = {
			isa = PBXCopyFilesBuildPhase;
			buildActionMask = 2147483647;
			dstPath = "";
			dstSubfolderSpec = 13;
			files = (
				F1606E7D1CEAB80100D80AC8 /* CodeTemplateShare.appex in Embed App Extensions */,
			);
			name = "Embed App Extensions";
			runOnlyForDeploymentPostprocessing = 0;
		};
/* End PBXCopyFilesBuildPhase section */

/* Begin PBXFileReference section */
		F15B75151CBF2EE000657437 /* CodeTemplate.app */ = {isa = PBXFileReference; explicitFileType = wrapper.application; includeInIndex = 0; path = CodeTemplate.app; sourceTree = BUILT_PRODUCTS_DIR; };
		F15B75191CBF2EE000657437 /* main.m */ = {isa = PBXFileReference; lastKnownFileType = sourcecode.c.objc; path = main.m; sourceTree = "<group>"; };
		F15B751B1CBF2EE000657437 /* AppDelegate.h */ = {isa = PBXFileReference; lastKnownFileType = sourcecode.c.h; path = AppDelegate.h; sourceTree = "<group>"; };
		F15B751C1CBF2EE000657437 /* AppDelegate.m */ = {isa = PBXFileReference; lastKnownFileType = sourcecode.c.objc; path = AppDelegate.m; sourceTree = "<group>"; };
		F15B751E1CBF2EE000657437 /* ViewController.h */ = {isa = PBXFileReference; lastKnownFileType = sourcecode.c.h; path = ViewController.h; sourceTree = "<group>"; };
		F15B751F1CBF2EE000657437 /* ViewController.m */ = {isa = PBXFileReference; lastKnownFileType = sourcecode.c.objc; path = ViewController.m; sourceTree = "<group>"; };
		F15B75221CBF2EE000657437 /* Base */ = {isa = PBXFileReference; lastKnownFileType = file.storyboard; name = Base; path = Base.lproj/Main.storyboard; sourceTree = "<group>"; };
		F15B75251CBF2EE000657437 /* CodeTemplate.xcdatamodel */ = {isa = PBXFileReference; lastKnownFileType = wrapper.xcdatamodel; path = CodeTemplate.xcdatamodel; sourceTree = "<group>"; };
		F15B75271CBF2EE000657437 /* Assets.xcassets */ = {isa = PBXFileReference; lastKnownFileType = folder.assetcatalog; path = Assets.xcassets; sourceTree = "<group>"; };
		F15B752A1CBF2EE000657437 /* Base */ = {isa = PBXFileReference; lastKnownFileType = file.storyboard; name = Base; path = Base.lproj/LaunchScreen.storyboard; sourceTree = "<group>"; };
		F15B752C1CBF2EE000657437 /* Info.plist */ = {isa = PBXFileReference; lastKnownFileType = text.plist.xml; path = Info.plist; sourceTree = "<group>"; };
		F15B75311CBF2EE000657437 /* CodeTemplateTests.xctest */ = {isa = PBXFileReference; explicitFileType = wrapper.cfbundle; includeInIndex = 0; path = CodeTemplateTests.xctest; sourceTree = BUILT_PRODUCTS_DIR; };
		F15B75351CBF2EE000657437 /* CodeTemplateTests.m */ = {isa = PBXFileReference; lastKnownFileType = sourcecode.c.objc; path = CodeTemplateTests.m; sourceTree = "<group>"; };
		F15B75371CBF2EE000657437 /* Info.plist */ = {isa = PBXFileReference; lastKnownFileType = text.plist.xml; path = Info.plist; sourceTree = "<group>"; };
		F15B753C1CBF2EE000657437 /* CodeTemplateUITests.xctest */ = {isa = PBXFileReference; explicitFileType = wrapper.cfbundle; includeInIndex = 0; path = CodeTemplateUITests.xctest; sourceTree = BUILT_PRODUCTS_DIR; };
		F15B75401CBF2EE000657437 /* CodeTemplateUITests.m */ = {isa = PBXFileReference; lastKnownFileType = sourcecode.c.objc; path = CodeTemplateUITests.m; sourceTree = "<group>"; };
		F15B75421CBF2EE000657437 /* Info.plist */ = {isa = PBXFileReference; lastKnownFileType = text.plist.xml; path = Info.plist; sourceTree = "<group>"; };
		F15B75541CBF345200657437 /* MainRouteViewController.h */ = {isa = PBXFileReference; fileEncoding = 4; lastKnownFileType = sourcecode.c.h; name = MainRouteViewController.h; path = MainRouteView/MainRouteViewController.h; sourceTree = "<group>"; };
		F15B75551CBF345200657437 /* MainRouteViewController.m */ = {isa = PBXFileReference; fileEncoding = 4; lastKnownFileType = sourcecode.c.objc; name = MainRouteViewController.m; path = MainRouteView/MainRouteViewController.m; sourceTree = "<group>"; };
		F15B75561CBF345200657437 /* MainRouteViewController.xib */ = {isa = PBXFileReference; fileEncoding = 4; lastKnownFileType = file.xib; name = MainRouteViewController.xib; path = MainRouteView/MainRouteViewController.xib; sourceTree = "<group>"; };
		F15B755C1CBF3DEC00657437 /* TemplateUtility.h */ = {isa = PBXFileReference; fileEncoding = 4; lastKnownFileType = sourcecode.c.h; name = TemplateUtility.h; path = TemplateUtility/TemplateUtility.h; sourceTree = "<group>"; };
		F15B755D1CBF3DEC00657437 /* TemplateUtility.m */ = {isa = PBXFileReference; fileEncoding = 4; lastKnownFileType = sourcecode.c.objc; name = TemplateUtility.m; path = TemplateUtility/TemplateUtility.m; sourceTree = "<group>"; };
		F15B755F1CBF479D00657437 /* TemplateViewControllerProtocal.h */ = {isa = PBXFileReference; fileEncoding = 4; lastKnownFileType = sourcecode.c.h; path = TemplateViewControllerProtocal.h; sourceTree = "<group>"; };
		F15B75621CBF487100657437 /* ActivityTemplateController.h */ = {isa = PBXFileReference; fileEncoding = 4; lastKnownFileType = sourcecode.c.h; name = ActivityTemplateController.h; path = Templates/ActivityTemplate/ActivityTemplateController.h; sourceTree = "<group>"; };
		F15B75631CBF487100657437 /* ActivityTemplateController.m */ = {isa = PBXFileReference; fileEncoding = 4; lastKnownFileType = sourcecode.c.objc; name = ActivityTemplateController.m; path = Templates/ActivityTemplate/ActivityTemplateController.m; sourceTree = "<group>"; };
		F15B75641CBF487100657437 /* ActivityTemplateController.xib */ = {isa = PBXFileReference; fileEncoding = 4; lastKnownFileType = file.xib; name = ActivityTemplateController.xib; path = Templates/ActivityTemplate/ActivityTemplateController.xib; sourceTree = "<group>"; };
		F15B75681CBF494300657437 /* ActivityItem.h */ = {isa = PBXFileReference; fileEncoding = 4; lastKnownFileType = sourcecode.c.h; name = ActivityItem.h; path = Templates/ActivityTemplate/ActivityItem.h; sourceTree = "<group>"; };
		F15B75691CBF494300657437 /* ActivityItem.m */ = {isa = PBXFileReference; fileEncoding = 4; lastKnownFileType = sourcecode.c.objc; name = ActivityItem.m; path = Templates/ActivityTemplate/ActivityItem.m; sourceTree = "<group>"; };
		F15B756B1CBF4BBC00657437 /* Homer.pch */ = {isa = PBXFileReference; lastKnownFileType = sourcecode.c.h; path = Homer.pch; sourceTree = "<group>"; };
		F15B756C1CBF4D2200657437 /* GlobalAttributes.h */ = {isa = PBXFileReference; lastKnownFileType = sourcecode.c.h; path = GlobalAttributes.h; sourceTree = "<group>"; };
		F1606E721CEAB80000D80AC8 /* CodeTemplateShare.appex */ = {isa = PBXFileReference; explicitFileType = "wrapper.app-extension"; includeInIndex = 0; path = CodeTemplateShare.appex; sourceTree = BUILT_PRODUCTS_DIR; };
		F1606E741CEAB80100D80AC8 /* ShareViewController.h */ = {isa = PBXFileReference; lastKnownFileType = sourcecode.c.h; path = ShareViewController.h; sourceTree = "<group>"; };
		F1606E751CEAB80100D80AC8 /* ShareViewController.m */ = {isa = PBXFileReference; lastKnownFileType = sourcecode.c.objc; path = ShareViewController.m; sourceTree = "<group>"; };
		F1606E781CEAB80100D80AC8 /* Base */ = {isa = PBXFileReference; lastKnownFileType = file.storyboard; name = Base; path = Base.lproj/MainInterface.storyboard; sourceTree = "<group>"; };
		F1606E7A1CEAB80100D80AC8 /* Info.plist */ = {isa = PBXFileReference; lastKnownFileType = text.plist.xml; path = Info.plist; sourceTree = "<group>"; };
		F1606E881CEAC05C00D80AC8 /* CTShareMainViewController.h */ = {isa = PBXFileReference; fileEncoding = 4; lastKnownFileType = sourcecode.c.h; name = CTShareMainViewController.h; path = ShareMainVC/CTShareMainViewController.h; sourceTree = "<group>"; };
		F1606E891CEAC05C00D80AC8 /* CTShareMainViewController.m */ = {isa = PBXFileReference; fileEncoding = 4; lastKnownFileType = sourcecode.c.objc; name = CTShareMainViewController.m; path = ShareMainVC/CTShareMainViewController.m; sourceTree = "<group>"; };
		F1606E8A1CEAC05C00D80AC8 /* CTShareMainViewController.xib */ = {isa = PBXFileReference; fileEncoding = 4; lastKnownFileType = file.xib; name = CTShareMainViewController.xib; path = ShareMainVC/CTShareMainViewController.xib; sourceTree = "<group>"; };
		F19ACE141CCD2EA500108321 /* KeyboardInputViewController.h */ = {isa = PBXFileReference; fileEncoding = 4; lastKnownFileType = sourcecode.c.h; name = KeyboardInputViewController.h; path = Templates/KeyboardInput/KeyboardInputViewController.h; sourceTree = "<group>"; };
		F19ACE151CCD2EA500108321 /* KeyboardInputViewController.m */ = {isa = PBXFileReference; fileEncoding = 4; lastKnownFileType = sourcecode.c.objc; name = KeyboardInputViewController.m; path = Templates/KeyboardInput/KeyboardInputViewController.m; sourceTree = "<group>"; };
		F19ACE161CCD2EA500108321 /* KeyboardInputViewController.xib */ = {isa = PBXFileReference; fileEncoding = 4; lastKnownFileType = file.xib; name = KeyboardInputViewController.xib; path = Templates/KeyboardInput/KeyboardInputViewController.xib; sourceTree = "<group>"; };
		F19ACE1A1CCD2EDE00108321 /* HInputViewController.h */ = {isa = PBXFileReference; fileEncoding = 4; lastKnownFileType = sourcecode.c.h; name = HInputViewController.h; path = Templates/KeyboardInput/HInputViewController/HInputViewController.h; sourceTree = "<group>"; };
		F19ACE1B1CCD2EDE00108321 /* HInputViewController.m */ = {isa = PBXFileReference; fileEncoding = 4; lastKnownFileType = sourcecode.c.objc; name = HInputViewController.m; path = Templates/KeyboardInput/HInputViewController/HInputViewController.m; sourceTree = "<group>"; };
		F19ACE1C1CCD2EDE00108321 /* HInputViewController.xib */ = {isa = PBXFileReference; fileEncoding = 4; lastKnownFileType = file.xib; name = HInputViewController.xib; path = Templates/KeyboardInput/HInputViewController/HInputViewController.xib; sourceTree = "<group>"; };
		F1C7E4301CC2BF66008F3340 /* ComponentsTemplateController.h */ = {isa = PBXFileReference; fileEncoding = 4; lastKnownFileType = sourcecode.c.h; name = ComponentsTemplateController.h; path = Templates/ComponentsTemplate/ComponentsTemplateController.h; sourceTree = "<group>"; };
		F1C7E4311CC2BF66008F3340 /* ComponentsTemplateController.m */ = {isa = PBXFileReference; fileEncoding = 4; lastKnownFileType = sourcecode.c.objc; name = ComponentsTemplateController.m; path = Templates/ComponentsTemplate/ComponentsTemplateController.m; sourceTree = "<group>"; };
		F1C7E4321CC2BF66008F3340 /* ComponentsTemplateController.xib */ = {isa = PBXFileReference; fileEncoding = 4; lastKnownFileType = file.xib; name = ComponentsTemplateController.xib; path = Templates/ComponentsTemplate/ComponentsTemplateController.xib; sourceTree = "<group>"; };
		F1C7E4351CC2C139008F3340 /* CustomizedLayoutCollectionViewController.h */ = {isa = PBXFileReference; fileEncoding = 4; lastKnownFileType = sourcecode.c.h; name = CustomizedLayoutCollectionViewController.h; path = Templates/CustomizedLayoutCollection/CustomizedLayoutCollectionViewController.h; sourceTree = "<group>"; };
		F1C7E4361CC2C139008F3340 /* CustomizedLayoutCollectionViewController.m */ = {isa = PBXFileReference; fileEncoding = 4; lastKnownFileType = sourcecode.c.objc; name = CustomizedLayoutCollectionViewController.m; path = Templates/CustomizedLayoutCollection/CustomizedLayoutCollectionViewController.m; sourceTree = "<group>"; };
		F1C7E4371CC2C139008F3340 /* CustomizedLayoutCollectionViewController.xib */ = {isa = PBXFileReference; fileEncoding = 4; lastKnownFileType = file.xib; name = CustomizedLayoutCollectionViewController.xib; path = Templates/CustomizedLayoutCollection/CustomizedLayoutCollectionViewController.xib; sourceTree = "<group>"; };
		F1CD2D151CF0F15A0081DB67 /* CodeTemplate.entitlements */ = {isa = PBXFileReference; lastKnownFileType = text.xml; path = CodeTemplate.entitlements; sourceTree = "<group>"; };
		F1CD2D161CF0F1BF0081DB67 /* CodeTemplateShare.entitlements */ = {isa = PBXFileReference; lastKnownFileType = text.xml; path = CodeTemplateShare.entitlements; sourceTree = "<group>"; };
		F1CD2D181CF108AE0081DB67 /* MobileCoreServices.framework */ = {isa = PBXFileReference; lastKnownFileType = wrapper.framework; name = MobileCoreServices.framework; path = System/Library/Frameworks/MobileCoreServices.framework; sourceTree = SDKROOT; };
		F1EFFE961CF13A7200D87B53 /* ShareExtensionTableViewController.h */ = {isa = PBXFileReference; fileEncoding = 4; lastKnownFileType = sourcecode.c.h; name = ShareExtensionTableViewController.h; path = Templates/ShareExtensionTable/ShareExtensionTableViewController.h; sourceTree = "<group>"; };
		F1EFFE971CF13A7200D87B53 /* ShareExtensionTableViewController.m */ = {isa = PBXFileReference; fileEncoding = 4; lastKnownFileType = sourcecode.c.objc; name = ShareExtensionTableViewController.m; path = Templates/ShareExtensionTable/ShareExtensionTableViewController.m; sourceTree = "<group>"; };
		F1EFFE981CF13A7200D87B53 /* ShareExtensionTableViewController.xib */ = {isa = PBXFileReference; fileEncoding = 4; lastKnownFileType = file.xib; name = ShareExtensionTableViewController.xib; path = Templates/ShareExtensionTable/ShareExtensionTableViewController.xib; sourceTree = "<group>"; };
		F1EFFE9B1CF13B1200D87B53 /* ShareExtensionItemTableViewCell.h */ = {isa = PBXFileReference; fileEncoding = 4; lastKnownFileType = sourcecode.c.h; name = ShareExtensionItemTableViewCell.h; path = Templates/ShareExtensionTable/ShareExtensionItemTableViewCell.h; sourceTree = "<group>"; };
		F1EFFE9C1CF13B1200D87B53 /* ShareExtensionItemTableViewCell.m */ = {isa = PBXFileReference; fileEncoding = 4; lastKnownFileType = sourcecode.c.objc; name = ShareExtensionItemTableViewCell.m; path = Templates/ShareExtensionTable/ShareExtensionItemTableViewCell.m; sourceTree = "<group>"; };
		F1EFFE9D1CF13B1200D87B53 /* ShareExtensionItemTableViewCell.xib */ = {isa = PBXFileReference; fileEncoding = 4; lastKnownFileType = file.xib; name = ShareExtensionItemTableViewCell.xib; path = Templates/ShareExtensionTable/ShareExtensionItemTableViewCell.xib; sourceTree = "<group>"; };
/* End PBXFileReference section */

/* Begin PBXFrameworksBuildPhase section */
		F15B75121CBF2EE000657437 /* Frameworks */ = {
			isa = PBXFrameworksBuildPhase;
			buildActionMask = 2147483647;
			files = (
			);
			runOnlyForDeploymentPostprocessing = 0;
		};
		F15B752E1CBF2EE000657437 /* Frameworks */ = {
			isa = PBXFrameworksBuildPhase;
			buildActionMask = 2147483647;
			files = (
			);
			runOnlyForDeploymentPostprocessing = 0;
		};
		F15B75391CBF2EE000657437 /* Frameworks */ = {
			isa = PBXFrameworksBuildPhase;
			buildActionMask = 2147483647;
			files = (
			);
			runOnlyForDeploymentPostprocessing = 0;
		};
		F1606E6F1CEAB80000D80AC8 /* Frameworks */ = {
			isa = PBXFrameworksBuildPhase;
			buildActionMask = 2147483647;
			files = (
				F1CD2D191CF108AE0081DB67 /* MobileCoreServices.framework in Frameworks */,
			);
			runOnlyForDeploymentPostprocessing = 0;
		};
/* End PBXFrameworksBuildPhase section */

/* Begin PBXGroup section */
		F111C6711CC88A2000392364 /* Keyboard Input */ = {
			isa = PBXGroup;
			children = (
				F19ACE191CCD2EA900108321 /* HInputViewController */,
				F19ACE141CCD2EA500108321 /* KeyboardInputViewController.h */,
				F19ACE151CCD2EA500108321 /* KeyboardInputViewController.m */,
				F19ACE161CCD2EA500108321 /* KeyboardInputViewController.xib */,
			);
			name = "Keyboard Input";
			sourceTree = "<group>";
		};
		F15B750C1CBF2EE000657437 = {
			isa = PBXGroup;
			children = (
				F1CD2D181CF108AE0081DB67 /* MobileCoreServices.framework */,
				F15B75601CBF480B00657437 /* Templates */,
				F15B755B1CBF3D3A00657437 /* Template Utility */,
				F15B754E1CBF331F00657437 /* Main Table */,
				F15B75171CBF2EE000657437 /* CodeTemplate */,
				F15B75341CBF2EE000657437 /* CodeTemplateTests */,
				F15B753F1CBF2EE000657437 /* CodeTemplateUITests */,
				F1606E731CEAB80100D80AC8 /* CodeTemplateShare */,
				F15B75161CBF2EE000657437 /* Products */,
			);
			sourceTree = "<group>";
		};
		F15B75161CBF2EE000657437 /* Products */ = {
			isa = PBXGroup;
			children = (
				F15B75151CBF2EE000657437 /* CodeTemplate.app */,
				F15B75311CBF2EE000657437 /* CodeTemplateTests.xctest */,
				F15B753C1CBF2EE000657437 /* CodeTemplateUITests.xctest */,
				F1606E721CEAB80000D80AC8 /* CodeTemplateShare.appex */,
			);
			name = Products;
			sourceTree = "<group>";
		};
		F15B75171CBF2EE000657437 /* CodeTemplate */ = {
			isa = PBXGroup;
			children = (
				F1CD2D151CF0F15A0081DB67 /* CodeTemplate.entitlements */,
				F15B751B1CBF2EE000657437 /* AppDelegate.h */,
				F15B751C1CBF2EE000657437 /* AppDelegate.m */,
				F15B751E1CBF2EE000657437 /* ViewController.h */,
				F15B751F1CBF2EE000657437 /* ViewController.m */,
				F15B75211CBF2EE000657437 /* Main.storyboard */,
				F15B75271CBF2EE000657437 /* Assets.xcassets */,
				F15B75291CBF2EE000657437 /* LaunchScreen.storyboard */,
				F15B752C1CBF2EE000657437 /* Info.plist */,
				F15B75241CBF2EE000657437 /* CodeTemplate.xcdatamodeld */,
				F15B75181CBF2EE000657437 /* Supporting Files */,
			);
			path = CodeTemplate;
			sourceTree = "<group>";
		};
		F15B75181CBF2EE000657437 /* Supporting Files */ = {
			isa = PBXGroup;
			children = (
				F15B75191CBF2EE000657437 /* main.m */,
				F15B756B1CBF4BBC00657437 /* Homer.pch */,
				F15B756C1CBF4D2200657437 /* GlobalAttributes.h */,
			);
			name = "Supporting Files";
			sourceTree = "<group>";
		};
		F15B75341CBF2EE000657437 /* CodeTemplateTests */ = {
			isa = PBXGroup;
			children = (
				F15B75351CBF2EE000657437 /* CodeTemplateTests.m */,
				F15B75371CBF2EE000657437 /* Info.plist */,
			);
			path = CodeTemplateTests;
			sourceTree = "<group>";
		};
		F15B753F1CBF2EE000657437 /* CodeTemplateUITests */ = {
			isa = PBXGroup;
			children = (
				F15B75401CBF2EE000657437 /* CodeTemplateUITests.m */,
				F15B75421CBF2EE000657437 /* Info.plist */,
			);
			path = CodeTemplateUITests;
			sourceTree = "<group>";
		};
		F15B754E1CBF331F00657437 /* Main Table */ = {
			isa = PBXGroup;
			children = (
				F15B75541CBF345200657437 /* MainRouteViewController.h */,
				F15B75551CBF345200657437 /* MainRouteViewController.m */,
				F15B75561CBF345200657437 /* MainRouteViewController.xib */,
			);
			name = "Main Table";
			sourceTree = "<group>";
		};
		F15B755B1CBF3D3A00657437 /* Template Utility */ = {
			isa = PBXGroup;
			children = (
				F15B755C1CBF3DEC00657437 /* TemplateUtility.h */,
				F15B755D1CBF3DEC00657437 /* TemplateUtility.m */,
				F15B755F1CBF479D00657437 /* TemplateViewControllerProtocal.h */,
			);
			name = "Template Utility";
			sourceTree = "<group>";
		};
		F15B75601CBF480B00657437 /* Templates */ = {
			isa = PBXGroup;
			children = (
				F1EFFE951CF139BD00D87B53 /* ShareExtensionTable */,
				F111C6711CC88A2000392364 /* Keyboard Input */,
				F1C7E42A1CC2BEB9008F3340 /* Customized Layout CollectionView */,
				F1C7E4241CC2B7B5008F3340 /* UIComponents Template */,
				F15B75611CBF481A00657437 /* Activity Template */,
			);
			name = Templates;
			sourceTree = "<group>";
		};
		F15B75611CBF481A00657437 /* Activity Template */ = {
			isa = PBXGroup;
			children = (
				F15B75671CBF487D00657437 /* ActivityItem */,
				F15B75621CBF487100657437 /* ActivityTemplateController.h */,
				F15B75631CBF487100657437 /* ActivityTemplateController.m */,
				F15B75641CBF487100657437 /* ActivityTemplateController.xib */,
			);
			name = "Activity Template";
			sourceTree = "<group>";
		};
		F15B75671CBF487D00657437 /* ActivityItem */ = {
			isa = PBXGroup;
			children = (
				F15B75681CBF494300657437 /* ActivityItem.h */,
				F15B75691CBF494300657437 /* ActivityItem.m */,
			);
			name = ActivityItem;
			sourceTree = "<group>";
		};
		F1606E731CEAB80100D80AC8 /* CodeTemplateShare */ = {
			isa = PBXGroup;
			children = (
				F1CD2D161CF0F1BF0081DB67 /* CodeTemplateShare.entitlements */,
				F1606E871CEABFE400D80AC8 /* Share view controller */,
				F1606E741CEAB80100D80AC8 /* ShareViewController.h */,
				F1606E751CEAB80100D80AC8 /* ShareViewController.m */,
				F1606E771CEAB80100D80AC8 /* MainInterface.storyboard */,
				F1606E7A1CEAB80100D80AC8 /* Info.plist */,
			);
			path = CodeTemplateShare;
			sourceTree = "<group>";
		};
		F1606E871CEABFE400D80AC8 /* Share view controller */ = {
			isa = PBXGroup;
			children = (
				F1606E881CEAC05C00D80AC8 /* CTShareMainViewController.h */,
				F1606E891CEAC05C00D80AC8 /* CTShareMainViewController.m */,
				F1606E8A1CEAC05C00D80AC8 /* CTShareMainViewController.xib */,
			);
			name = "Share view controller";
			sourceTree = "<group>";
		};
		F19ACE191CCD2EA900108321 /* HInputViewController */ = {
			isa = PBXGroup;
			children = (
				F19ACE1A1CCD2EDE00108321 /* HInputViewController.h */,
				F19ACE1B1CCD2EDE00108321 /* HInputViewController.m */,
				F19ACE1C1CCD2EDE00108321 /* HInputViewController.xib */,
			);
			name = HInputViewController;
			sourceTree = "<group>";
		};
		F1C7E4241CC2B7B5008F3340 /* UIComponents Template */ = {
			isa = PBXGroup;
			children = (
				F1C7E4301CC2BF66008F3340 /* ComponentsTemplateController.h */,
				F1C7E4311CC2BF66008F3340 /* ComponentsTemplateController.m */,
				F1C7E4321CC2BF66008F3340 /* ComponentsTemplateController.xib */,
			);
			name = "UIComponents Template";
			sourceTree = "<group>";
		};
		F1C7E42A1CC2BEB9008F3340 /* Customized Layout CollectionView */ = {
			isa = PBXGroup;
			children = (
				F1C7E4351CC2C139008F3340 /* CustomizedLayoutCollectionViewController.h */,
				F1C7E4361CC2C139008F3340 /* CustomizedLayoutCollectionViewController.m */,
				F1C7E4371CC2C139008F3340 /* CustomizedLayoutCollectionViewController.xib */,
			);
			name = "Customized Layout CollectionView";
			sourceTree = "<group>";
		};
		F1EFFE951CF139BD00D87B53 /* ShareExtensionTable */ = {
			isa = PBXGroup;
			children = (
				F1EFFE961CF13A7200D87B53 /* ShareExtensionTableViewController.h */,
				F1EFFE971CF13A7200D87B53 /* ShareExtensionTableViewController.m */,
				F1EFFE981CF13A7200D87B53 /* ShareExtensionTableViewController.xib */,
				F1EFFE9B1CF13B1200D87B53 /* ShareExtensionItemTableViewCell.h */,
				F1EFFE9C1CF13B1200D87B53 /* ShareExtensionItemTableViewCell.m */,
				F1EFFE9D1CF13B1200D87B53 /* ShareExtensionItemTableViewCell.xib */,
			);
			name = ShareExtensionTable;
			sourceTree = "<group>";
		};
/* End PBXGroup section */

/* Begin PBXNativeTarget section */
		F15B75141CBF2EE000657437 /* CodeTemplate */ = {
			isa = PBXNativeTarget;
			buildConfigurationList = F15B75451CBF2EE000657437 /* Build configuration list for PBXNativeTarget "CodeTemplate" */;
			buildPhases = (
				F15B75111CBF2EE000657437 /* Sources */,
				F15B75121CBF2EE000657437 /* Frameworks */,
				F15B75131CBF2EE000657437 /* Resources */,
				F1606E811CEAB80100D80AC8 /* Embed App Extensions */,
			);
			buildRules = (
			);
			dependencies = (
				F1606E7C1CEAB80100D80AC8 /* PBXTargetDependency */,
			);
			name = CodeTemplate;
			productName = CodeTemplate;
			productReference = F15B75151CBF2EE000657437 /* CodeTemplate.app */;
			productType = "com.apple.product-type.application";
		};
		F15B75301CBF2EE000657437 /* CodeTemplateTests */ = {
			isa = PBXNativeTarget;
			buildConfigurationList = F15B75481CBF2EE000657437 /* Build configuration list for PBXNativeTarget "CodeTemplateTests" */;
			buildPhases = (
				F15B752D1CBF2EE000657437 /* Sources */,
				F15B752E1CBF2EE000657437 /* Frameworks */,
				F15B752F1CBF2EE000657437 /* Resources */,
			);
			buildRules = (
			);
			dependencies = (
				F15B75331CBF2EE000657437 /* PBXTargetDependency */,
			);
			name = CodeTemplateTests;
			productName = CodeTemplateTests;
			productReference = F15B75311CBF2EE000657437 /* CodeTemplateTests.xctest */;
			productType = "com.apple.product-type.bundle.unit-test";
		};
		F15B753B1CBF2EE000657437 /* CodeTemplateUITests */ = {
			isa = PBXNativeTarget;
			buildConfigurationList = F15B754B1CBF2EE000657437 /* Build configuration list for PBXNativeTarget "CodeTemplateUITests" */;
			buildPhases = (
				F15B75381CBF2EE000657437 /* Sources */,
				F15B75391CBF2EE000657437 /* Frameworks */,
				F15B753A1CBF2EE000657437 /* Resources */,
			);
			buildRules = (
			);
			dependencies = (
				F15B753E1CBF2EE000657437 /* PBXTargetDependency */,
			);
			name = CodeTemplateUITests;
			productName = CodeTemplateUITests;
			productReference = F15B753C1CBF2EE000657437 /* CodeTemplateUITests.xctest */;
			productType = "com.apple.product-type.bundle.ui-testing";
		};
		F1606E711CEAB80000D80AC8 /* CodeTemplateShare */ = {
			isa = PBXNativeTarget;
			buildConfigurationList = F1606E801CEAB80100D80AC8 /* Build configuration list for PBXNativeTarget "CodeTemplateShare" */;
			buildPhases = (
				F1606E6E1CEAB80000D80AC8 /* Sources */,
				F1606E6F1CEAB80000D80AC8 /* Frameworks */,
				F1606E701CEAB80000D80AC8 /* Resources */,
			);
			buildRules = (
			);
			dependencies = (
			);
			name = CodeTemplateShare;
			productName = CodeTemplateShare;
			productReference = F1606E721CEAB80000D80AC8 /* CodeTemplateShare.appex */;
			productType = "com.apple.product-type.app-extension";
		};
/* End PBXNativeTarget section */

/* Begin PBXProject section */
		F15B750D1CBF2EE000657437 /* Project object */ = {
			isa = PBXProject;
			attributes = {
				LastUpgradeCheck = 0730;
				ORGANIZATIONNAME = "Hongming Zuo";
				TargetAttributes = {
					F15B75141CBF2EE000657437 = {
						CreatedOnToolsVersion = 7.3;
						DevelopmentTeam = 8GQ989BHEA;
						SystemCapabilities = {
							com.apple.ApplicationGroups.iOS = {
								enabled = 1;
							};
						};
					};
					F15B75301CBF2EE000657437 = {
						CreatedOnToolsVersion = 7.3;
						TestTargetID = F15B75141CBF2EE000657437;
					};
					F15B753B1CBF2EE000657437 = {
						CreatedOnToolsVersion = 7.3;
						TestTargetID = F15B75141CBF2EE000657437;
					};
					F1606E711CEAB80000D80AC8 = {
						CreatedOnToolsVersion = 7.3.1;
						DevelopmentTeam = 8GQ989BHEA;
						SystemCapabilities = {
							com.apple.ApplicationGroups.iOS = {
								enabled = 1;
							};
						};
					};
				};
			};
			buildConfigurationList = F15B75101CBF2EE000657437 /* Build configuration list for PBXProject "CodeTemplate" */;
			compatibilityVersion = "Xcode 3.2";
			developmentRegion = English;
			hasScannedForEncodings = 0;
			knownRegions = (
				en,
				Base,
			);
			mainGroup = F15B750C1CBF2EE000657437;
			productRefGroup = F15B75161CBF2EE000657437 /* Products */;
			projectDirPath = "";
			projectRoot = "";
			targets = (
				F15B75141CBF2EE000657437 /* CodeTemplate */,
				F1606E711CEAB80000D80AC8 /* CodeTemplateShare */,
				F15B75301CBF2EE000657437 /* CodeTemplateTests */,
				F15B753B1CBF2EE000657437 /* CodeTemplateUITests */,
			);
		};
/* End PBXProject section */

/* Begin PBXResourcesBuildPhase section */
		F15B75131CBF2EE000657437 /* Resources */ = {
			isa = PBXResourcesBuildPhase;
			buildActionMask = 2147483647;
			files = (
				F19ACE1E1CCD2EDE00108321 /* HInputViewController.xib in Resources */,
				F19ACE181CCD2EA500108321 /* KeyboardInputViewController.xib in Resources */,
				F1EFFE9F1CF13B1200D87B53 /* ShareExtensionItemTableViewCell.xib in Resources */,
				F1C7E4341CC2BF66008F3340 /* ComponentsTemplateController.xib in Resources */,
				F1EFFE9A1CF13A7200D87B53 /* ShareExtensionTableViewController.xib in Resources */,
				F15B752B1CBF2EE000657437 /* LaunchScreen.storyboard in Resources */,
				F1C7E4391CC2C139008F3340 /* CustomizedLayoutCollectionViewController.xib in Resources */,
				F15B75281CBF2EE000657437 /* Assets.xcassets in Resources */,
				F15B75661CBF487100657437 /* ActivityTemplateController.xib in Resources */,
				F15B75231CBF2EE000657437 /* Main.storyboard in Resources */,
				F15B75581CBF345200657437 /* MainRouteViewController.xib in Resources */,
			);
			runOnlyForDeploymentPostprocessing = 0;
		};
		F15B752F1CBF2EE000657437 /* Resources */ = {
			isa = PBXResourcesBuildPhase;
			buildActionMask = 2147483647;
			files = (
			);
			runOnlyForDeploymentPostprocessing = 0;
		};
		F15B753A1CBF2EE000657437 /* Resources */ = {
			isa = PBXResourcesBuildPhase;
			buildActionMask = 2147483647;
			files = (
			);
			runOnlyForDeploymentPostprocessing = 0;
		};
		F1606E701CEAB80000D80AC8 /* Resources */ = {
			isa = PBXResourcesBuildPhase;
			buildActionMask = 2147483647;
			files = (
				F1606E8C1CEAC05C00D80AC8 /* CTShareMainViewController.xib in Resources */,
				F1606E791CEAB80100D80AC8 /* MainInterface.storyboard in Resources */,
			);
			runOnlyForDeploymentPostprocessing = 0;
		};
/* End PBXResourcesBuildPhase section */

/* Begin PBXSourcesBuildPhase section */
		F15B75111CBF2EE000657437 /* Sources */ = {
			isa = PBXSourcesBuildPhase;
			buildActionMask = 2147483647;
			files = (
				F15B75261CBF2EE000657437 /* CodeTemplate.xcdatamodeld in Sources */,
				F1C7E4381CC2C139008F3340 /* CustomizedLayoutCollectionViewController.m in Sources */,
				F1C7E4331CC2BF66008F3340 /* ComponentsTemplateController.m in Sources */,
				F1EFFE991CF13A7200D87B53 /* ShareExtensionTableViewController.m in Sources */,
				F15B75571CBF345200657437 /* MainRouteViewController.m in Sources */,
				F19ACE1D1CCD2EDE00108321 /* HInputViewController.m in Sources */,
				F15B75651CBF487100657437 /* ActivityTemplateController.m in Sources */,
				F15B755E1CBF3DEC00657437 /* TemplateUtility.m in Sources */,
				F15B75201CBF2EE000657437 /* ViewController.m in Sources */,
				F15B756A1CBF494300657437 /* ActivityItem.m in Sources */,
				F15B751D1CBF2EE000657437 /* AppDelegate.m in Sources */,
				F19ACE171CCD2EA500108321 /* KeyboardInputViewController.m in Sources */,
				F1EFFE9E1CF13B1200D87B53 /* ShareExtensionItemTableViewCell.m in Sources */,
				F15B751A1CBF2EE000657437 /* main.m in Sources */,
			);
			runOnlyForDeploymentPostprocessing = 0;
		};
		F15B752D1CBF2EE000657437 /* Sources */ = {
			isa = PBXSourcesBuildPhase;
			buildActionMask = 2147483647;
			files = (
				F15B75361CBF2EE000657437 /* CodeTemplateTests.m in Sources */,
			);
			runOnlyForDeploymentPostprocessing = 0;
		};
		F15B75381CBF2EE000657437 /* Sources */ = {
			isa = PBXSourcesBuildPhase;
			buildActionMask = 2147483647;
			files = (
				F15B75411CBF2EE000657437 /* CodeTemplateUITests.m in Sources */,
			);
			runOnlyForDeploymentPostprocessing = 0;
		};
		F1606E6E1CEAB80000D80AC8 /* Sources */ = {
			isa = PBXSourcesBuildPhase;
			buildActionMask = 2147483647;
			files = (
				F1606E8B1CEAC05C00D80AC8 /* CTShareMainViewController.m in Sources */,
				F1606E761CEAB80100D80AC8 /* ShareViewController.m in Sources */,
			);
			runOnlyForDeploymentPostprocessing = 0;
		};
/* End PBXSourcesBuildPhase section */

/* Begin PBXTargetDependency section */
		F15B75331CBF2EE000657437 /* PBXTargetDependency */ = {
			isa = PBXTargetDependency;
			target = F15B75141CBF2EE000657437 /* CodeTemplate */;
			targetProxy = F15B75321CBF2EE000657437 /* PBXContainerItemProxy */;
		};
		F15B753E1CBF2EE000657437 /* PBXTargetDependency */ = {
			isa = PBXTargetDependency;
			target = F15B75141CBF2EE000657437 /* CodeTemplate */;
			targetProxy = F15B753D1CBF2EE000657437 /* PBXContainerItemProxy */;
		};
		F1606E7C1CEAB80100D80AC8 /* PBXTargetDependency */ = {
			isa = PBXTargetDependency;
			target = F1606E711CEAB80000D80AC8 /* CodeTemplateShare */;
			targetProxy = F1606E7B1CEAB80100D80AC8 /* PBXContainerItemProxy */;
		};
/* End PBXTargetDependency section */

/* Begin PBXVariantGroup section */
		F15B75211CBF2EE000657437 /* Main.storyboard */ = {
			isa = PBXVariantGroup;
			children = (
				F15B75221CBF2EE000657437 /* Base */,
			);
			name = Main.storyboard;
			sourceTree = "<group>";
		};
		F15B75291CBF2EE000657437 /* LaunchScreen.storyboard */ = {
			isa = PBXVariantGroup;
			children = (
				F15B752A1CBF2EE000657437 /* Base */,
			);
			name = LaunchScreen.storyboard;
			sourceTree = "<group>";
		};
		F1606E771CEAB80100D80AC8 /* MainInterface.storyboard */ = {
			isa = PBXVariantGroup;
			children = (
				F1606E781CEAB80100D80AC8 /* Base */,
			);
			name = MainInterface.storyboard;
			sourceTree = "<group>";
		};
/* End PBXVariantGroup section */

/* Begin XCBuildConfiguration section */
		F15B75431CBF2EE000657437 /* Debug */ = {
			isa = XCBuildConfiguration;
			buildSettings = {
				ALWAYS_SEARCH_USER_PATHS = NO;
				CLANG_ANALYZER_NONNULL = YES;
				CLANG_CXX_LANGUAGE_STANDARD = "gnu++0x";
				CLANG_CXX_LIBRARY = "libc++";
				CLANG_ENABLE_MODULES = YES;
				CLANG_ENABLE_OBJC_ARC = YES;
				CLANG_WARN_BOOL_CONVERSION = YES;
				CLANG_WARN_CONSTANT_CONVERSION = YES;
				CLANG_WARN_DIRECT_OBJC_ISA_USAGE = YES_ERROR;
				CLANG_WARN_EMPTY_BODY = YES;
				CLANG_WARN_ENUM_CONVERSION = YES;
				CLANG_WARN_INT_CONVERSION = YES;
				CLANG_WARN_OBJC_ROOT_CLASS = YES_ERROR;
				CLANG_WARN_UNREACHABLE_CODE = YES;
				CLANG_WARN__DUPLICATE_METHOD_MATCH = YES;
				"CODE_SIGN_IDENTITY[sdk=iphoneos*]" = "iPhone Developer";
				COPY_PHASE_STRIP = NO;
				DEBUG_INFORMATION_FORMAT = dwarf;
				ENABLE_STRICT_OBJC_MSGSEND = YES;
				ENABLE_TESTABILITY = YES;
				GCC_C_LANGUAGE_STANDARD = gnu99;
				GCC_DYNAMIC_NO_PIC = NO;
				GCC_NO_COMMON_BLOCKS = YES;
				GCC_OPTIMIZATION_LEVEL = 0;
				GCC_PRECOMPILE_PREFIX_HEADER = YES;
				GCC_PREPROCESSOR_DEFINITIONS = (
					"DEBUG=1",
					"$(inherited)",
				);
				GCC_WARN_64_TO_32_BIT_CONVERSION = YES;
				GCC_WARN_ABOUT_RETURN_TYPE = YES_ERROR;
				GCC_WARN_UNDECLARED_SELECTOR = YES;
				GCC_WARN_UNINITIALIZED_AUTOS = YES_AGGRESSIVE;
				GCC_WARN_UNUSED_FUNCTION = YES;
				GCC_WARN_UNUSED_VARIABLE = YES;
				IPHONEOS_DEPLOYMENT_TARGET = 9.3;
				MTL_ENABLE_DEBUG_INFO = YES;
				ONLY_ACTIVE_ARCH = YES;
				SDKROOT = iphoneos;
				TARGETED_DEVICE_FAMILY = "1,2";
			};
			name = Debug;
		};
		F15B75441CBF2EE000657437 /* Release */ = {
			isa = XCBuildConfiguration;
			buildSettings = {
				ALWAYS_SEARCH_USER_PATHS = NO;
				CLANG_ANALYZER_NONNULL = YES;
				CLANG_CXX_LANGUAGE_STANDARD = "gnu++0x";
				CLANG_CXX_LIBRARY = "libc++";
				CLANG_ENABLE_MODULES = YES;
				CLANG_ENABLE_OBJC_ARC = YES;
				CLANG_WARN_BOOL_CONVERSION = YES;
				CLANG_WARN_CONSTANT_CONVERSION = YES;
				CLANG_WARN_DIRECT_OBJC_ISA_USAGE = YES_ERROR;
				CLANG_WARN_EMPTY_BODY = YES;
				CLANG_WARN_ENUM_CONVERSION = YES;
				CLANG_WARN_INT_CONVERSION = YES;
				CLANG_WARN_OBJC_ROOT_CLASS = YES_ERROR;
				CLANG_WARN_UNREACHABLE_CODE = YES;
				CLANG_WARN__DUPLICATE_METHOD_MATCH = YES;
				"CODE_SIGN_IDENTITY[sdk=iphoneos*]" = "iPhone Developer";
				COPY_PHASE_STRIP = NO;
				DEBUG_INFORMATION_FORMAT = "dwarf-with-dsym";
				ENABLE_NS_ASSERTIONS = NO;
				ENABLE_STRICT_OBJC_MSGSEND = YES;
				GCC_C_LANGUAGE_STANDARD = gnu99;
				GCC_NO_COMMON_BLOCKS = YES;
				GCC_PRECOMPILE_PREFIX_HEADER = YES;
				GCC_WARN_64_TO_32_BIT_CONVERSION = YES;
				GCC_WARN_ABOUT_RETURN_TYPE = YES_ERROR;
				GCC_WARN_UNDECLARED_SELECTOR = YES;
				GCC_WARN_UNINITIALIZED_AUTOS = YES_AGGRESSIVE;
				GCC_WARN_UNUSED_FUNCTION = YES;
				GCC_WARN_UNUSED_VARIABLE = YES;
				IPHONEOS_DEPLOYMENT_TARGET = 9.3;
				MTL_ENABLE_DEBUG_INFO = NO;
				SDKROOT = iphoneos;
				TARGETED_DEVICE_FAMILY = "1,2";
				VALIDATE_PRODUCT = YES;
			};
			name = Release;
		};
		F15B75461CBF2EE000657437 /* Debug */ = {
			isa = XCBuildConfiguration;
			buildSettings = {
				ASSETCATALOG_COMPILER_APPICON_NAME = AppIcon;
				CODE_SIGN_ENTITLEMENTS = CodeTemplate/CodeTemplate.entitlements;
				CODE_SIGN_IDENTITY = "iPhone Developer";
				"CODE_SIGN_IDENTITY[sdk=iphoneos*]" = "iPhone Developer";
				GCC_PRECOMPILE_PREFIX_HEADER = YES;
				GCC_PREFIX_HEADER = CodeTemplate/Homer.pch;
				INFOPLIST_FILE = CodeTemplate/Info.plist;
				LD_RUNPATH_SEARCH_PATHS = "$(inherited) @executable_path/Frameworks";
				PRODUCT_BUNDLE_IDENTIFIER = Homerzuo.CodeTemplate;
				PRODUCT_NAME = "$(TARGET_NAME)";
				PROVISIONING_PROFILE = "";
				TARGETED_DEVICE_FAMILY = "1,2";
			};
			name = Debug;
		};
		F15B75471CBF2EE000657437 /* Release */ = {
			isa = XCBuildConfiguration;
			buildSettings = {
				ASSETCATALOG_COMPILER_APPICON_NAME = AppIcon;
				CODE_SIGN_ENTITLEMENTS = CodeTemplate/CodeTemplate.entitlements;
				CODE_SIGN_IDENTITY = "iPhone Developer";
				"CODE_SIGN_IDENTITY[sdk=iphoneos*]" = "iPhone Developer";
				GCC_PRECOMPILE_PREFIX_HEADER = YES;
				GCC_PREFIX_HEADER = CodeTemplate/Homer.pch;
				INFOPLIST_FILE = CodeTemplate/Info.plist;
				LD_RUNPATH_SEARCH_PATHS = "$(inherited) @executable_path/Frameworks";
				PRODUCT_BUNDLE_IDENTIFIER = Homerzuo.CodeTemplate;
				PRODUCT_NAME = "$(TARGET_NAME)";
				PROVISIONING_PROFILE = "";
				TARGETED_DEVICE_FAMILY = "1,2";
			};
			name = Release;
		};
		F15B75491CBF2EE000657437 /* Debug */ = {
			isa = XCBuildConfiguration;
			buildSettings = {
				BUNDLE_LOADER = "$(TEST_HOST)";
				INFOPLIST_FILE = CodeTemplateTests/Info.plist;
				LD_RUNPATH_SEARCH_PATHS = "$(inherited) @executable_path/Frameworks @loader_path/Frameworks";
				PRODUCT_BUNDLE_IDENTIFIER = Homerzuo.CodeTemplateTests;
				PRODUCT_NAME = "$(TARGET_NAME)";
				TEST_HOST = "$(BUILT_PRODUCTS_DIR)/CodeTemplate.app/CodeTemplate";
			};
			name = Debug;
		};
		F15B754A1CBF2EE000657437 /* Release */ = {
			isa = XCBuildConfiguration;
			buildSettings = {
				BUNDLE_LOADER = "$(TEST_HOST)";
				INFOPLIST_FILE = CodeTemplateTests/Info.plist;
				LD_RUNPATH_SEARCH_PATHS = "$(inherited) @executable_path/Frameworks @loader_path/Frameworks";
				PRODUCT_BUNDLE_IDENTIFIER = Homerzuo.CodeTemplateTests;
				PRODUCT_NAME = "$(TARGET_NAME)";
				TEST_HOST = "$(BUILT_PRODUCTS_DIR)/CodeTemplate.app/CodeTemplate";
			};
			name = Release;
		};
		F15B754C1CBF2EE000657437 /* Debug */ = {
			isa = XCBuildConfiguration;
			buildSettings = {
				INFOPLIST_FILE = CodeTemplateUITests/Info.plist;
				LD_RUNPATH_SEARCH_PATHS = "$(inherited) @executable_path/Frameworks @loader_path/Frameworks";
				PRODUCT_BUNDLE_IDENTIFIER = Homerzuo.CodeTemplateUITests;
				PRODUCT_NAME = "$(TARGET_NAME)";
				TEST_TARGET_NAME = CodeTemplate;
			};
			name = Debug;
		};
		F15B754D1CBF2EE000657437 /* Release */ = {
			isa = XCBuildConfiguration;
			buildSettings = {
				INFOPLIST_FILE = CodeTemplateUITests/Info.plist;
				LD_RUNPATH_SEARCH_PATHS = "$(inherited) @executable_path/Frameworks @loader_path/Frameworks";
				PRODUCT_BUNDLE_IDENTIFIER = Homerzuo.CodeTemplateUITests;
				PRODUCT_NAME = "$(TARGET_NAME)";
				TEST_TARGET_NAME = CodeTemplate;
			};
			name = Release;
		};
		F1606E7E1CEAB80100D80AC8 /* Debug */ = {
			isa = XCBuildConfiguration;
			buildSettings = {
				CODE_SIGN_ENTITLEMENTS = CodeTemplateShare/CodeTemplateShare.entitlements;
				CODE_SIGN_IDENTITY = "iPhone Developer";
				"CODE_SIGN_IDENTITY[sdk=iphoneos*]" = "iPhone Developer";
				INFOPLIST_FILE = CodeTemplateShare/Info.plist;
				LD_RUNPATH_SEARCH_PATHS = "$(inherited) @executable_path/Frameworks @executable_path/../../Frameworks";
				PRODUCT_BUNDLE_IDENTIFIER = Homerzuo.CodeTemplate.CodeTemplateShare;
				PRODUCT_NAME = "$(TARGET_NAME)";
				SKIP_INSTALL = YES;
			};
			name = Debug;
		};
		F1606E7F1CEAB80100D80AC8 /* Release */ = {
			isa = XCBuildConfiguration;
			buildSettings = {
				CODE_SIGN_ENTITLEMENTS = CodeTemplateShare/CodeTemplateShare.entitlements;
				CODE_SIGN_IDENTITY = "iPhone Developer";
				"CODE_SIGN_IDENTITY[sdk=iphoneos*]" = "iPhone Developer";
				INFOPLIST_FILE = CodeTemplateShare/Info.plist;
				LD_RUNPATH_SEARCH_PATHS = "$(inherited) @executable_path/Frameworks @executable_path/../../Frameworks";
				PRODUCT_BUNDLE_IDENTIFIER = Homerzuo.CodeTemplate.CodeTemplateShare;
				PRODUCT_NAME = "$(TARGET_NAME)";
				SKIP_INSTALL = YES;
			};
			name = Release;
		};
/* End XCBuildConfiguration section */

/* Begin XCConfigurationList section */
		F15B75101CBF2EE000657437 /* Build configuration list for PBXProject "CodeTemplate" */ = {
			isa = XCConfigurationList;
			buildConfigurations = (
				F15B75431CBF2EE000657437 /* Debug */,
				F15B75441CBF2EE000657437 /* Release */,
			);
			defaultConfigurationIsVisible = 0;
			defaultConfigurationName = Release;
		};
		F15B75451CBF2EE000657437 /* Build configuration list for PBXNativeTarget "CodeTemplate" */ = {
			isa = XCConfigurationList;
			buildConfigurations = (
				F15B75461CBF2EE000657437 /* Debug */,
				F15B75471CBF2EE000657437 /* Release */,
			);
			defaultConfigurationIsVisible = 0;
			defaultConfigurationName = Release;
		};
		F15B75481CBF2EE000657437 /* Build configuration list for PBXNativeTarget "CodeTemplateTests" */ = {
			isa = XCConfigurationList;
			buildConfigurations = (
				F15B75491CBF2EE000657437 /* Debug */,
				F15B754A1CBF2EE000657437 /* Release */,
			);
			defaultConfigurationIsVisible = 0;
			defaultConfigurationName = Release;
		};
		F15B754B1CBF2EE000657437 /* Build configuration list for PBXNativeTarget "CodeTemplateUITests" */ = {
			isa = XCConfigurationList;
			buildConfigurations = (
				F15B754C1CBF2EE000657437 /* Debug */,
				F15B754D1CBF2EE000657437 /* Release */,
			);
			defaultConfigurationIsVisible = 0;
			defaultConfigurationName = Release;
		};
		F1606E801CEAB80100D80AC8 /* Build configuration list for PBXNativeTarget "CodeTemplateShare" */ = {
			isa = XCConfigurationList;
			buildConfigurations = (
				F1606E7E1CEAB80100D80AC8 /* Debug */,
				F1606E7F1CEAB80100D80AC8 /* Release */,
			);
			defaultConfigurationIsVisible = 0;
			defaultConfigurationName = Release;
		};
/* End XCConfigurationList section */

/* Begin XCVersionGroup section */
		F15B75241CBF2EE000657437 /* CodeTemplate.xcdatamodeld */ = {
			isa = XCVersionGroup;
			children = (
				F15B75251CBF2EE000657437 /* CodeTemplate.xcdatamodel */,
			);
			currentVersion = F15B75251CBF2EE000657437 /* CodeTemplate.xcdatamodel */;
			path = CodeTemplate.xcdatamodeld;
			sourceTree = "<group>";
			versionGroupType = wrapper.xcdatamodel;
		};
/* End XCVersionGroup section */
	};
	rootObject = F15B750D1CBF2EE000657437 /* Project object */;
}
